
Microsoft Visual Studio Solution File, Format Version 12.00
# Visual Studio 15
VisualStudioVersion = 15.0.28010.2003
MinimumVisualStudioVersion = 10.0.40219.1
Project("{9A19103F-16F7-4668-BE54-9A1E7A4F7556}") = "Trainer", "Trainer\Trainer.csproj", "{8494508B-3B50-4C77-9D00-5F6861C059C5}"
EndProject
Project("{2150E333-8FDC-42A3-9474-1A3956D46DE8}") = "AppCore", "AppCore", "{BA3D3C89-BCA6-49AA-916D-FD02A6EDEBF7}"
EndProject
Project("{9A19103F-16F7-4668-BE54-9A1E7A4F7556}") = "test.core", "test.core\test.core.csproj", "{88ACBE35-F94A-4EB4-8EB2-2C65C0E22A1C}"
EndProject
Project("{2150E333-8FDC-42A3-9474-1A3956D46DE8}") = "Infrastructure", "Infrastructure", "{87013DCA-BF75-4D74-B41A-5B2F8E01866B}"
EndProject
Project("{9A19103F-16F7-4668-BE54-9A1E7A4F7556}") = "Trainer.EF", "Trainer.EF\Trainer.EF.csproj", "{BDB98353-6F19-40E2-8552-0EE1D450EB1A}"
EndProject
Project("{9A19103F-16F7-4668-BE54-9A1E7A4F7556}") = "Shared.Core", "Shared.Core\Shared.Core.csproj", "{8514AA41-3F97-4D31-B4F5-9D5DB9BC9C59}"
EndProject
Project("{9A19103F-16F7-4668-BE54-9A1E7A4F7556}") = "Attachments.Core", "AttachmentsManager\Attachments.Core.csproj", "{9F353549-346E-406D-9CEF-8E660864C2DA}"
EndProject
Project("{9A19103F-16F7-4668-BE54-9A1E7A4F7556}") = "Authentication", "Authentication\Authentication.csproj", "{E81F552E-36D8-467C-9425-174242F17B1F}"
EndProject
Project("{9A19103F-16F7-4668-BE54-9A1E7A4F7556}") = "Products.Core", "Products.Categories.Core\Products.Core.csproj", "{5EE85FD7-1811-4635-A932-D290AB21D6D3}"
EndProject
Project("{9A19103F-16F7-4668-BE54-9A1E7A4F7556}") = "MailProvider.Core", "MailProvider.Core\MailProvider.Core.csproj", "{F5B6E228-F27B-4236-A2F9-5D415719A8D0}"
EndProject
Project("{9A19103F-16F7-4668-BE54-9A1E7A4F7556}") = "Lookups.Core", "Lookups.Core\Lookups.Core.csproj", "{CBD33072-233A-4194-9D1A-3DE9418A93EF}"
EndProject
Project("{9A19103F-16F7-4668-BE54-9A1E7A4F7556}") = "Articles.Core", "Articles.Core\Articles.Core.csproj", "{A524489F-773C-4B90-B1BB-DF00D2783FDF}"
EndProject
Project("{9A19103F-16F7-4668-BE54-9A1E7A4F7556}") = "Rating.Core", "Rating.Core\Rating.Core.csproj", "{D9EE88C8-18B7-4361-A1A1-8628B207A82C}"
EndProject
Project("{9A19103F-16F7-4668-BE54-9A1E7A4F7556}") = "ItemsReview", "ItemsReview\ItemsReview.csproj", "{A3FF08AF-5E53-40A8-858A-AFB24019F5A5}"
EndProject
Project("{9A19103F-16F7-4668-BE54-9A1E7A4F7556}") = "Banner.Core", "Banner.Core\Banner.Core.csproj", "{01F77A9F-A400-410B-B45E-FFA03244F508}"
EndProject
Project("{FAE04EC0-301F-11D3-BF4B-00C04F79EFBC}") = "Neutrints.Core", "Neutrints.Core\Neutrints.Core.csproj", "{3931A353-AB1E-4BF9-9BF6-B18DF13CF920}"
EndProject
Global
	GlobalSection(SolutionConfigurationPlatforms) = preSolution
		Debug|Any CPU = Debug|Any CPU
		Release|Any CPU = Release|Any CPU
	EndGlobalSection
	GlobalSection(ProjectConfigurationPlatforms) = postSolution
		{8494508B-3B50-4C77-9D00-5F6861C059C5}.Debug|Any CPU.ActiveCfg = Debug|Any CPU
		{8494508B-3B50-4C77-9D00-5F6861C059C5}.Debug|Any CPU.Build.0 = Debug|Any CPU
		{8494508B-3B50-4C77-9D00-5F6861C059C5}.Release|Any CPU.ActiveCfg = Release|Any CPU
		{8494508B-3B50-4C77-9D00-5F6861C059C5}.Release|Any CPU.Build.0 = Release|Any CPU
		{88ACBE35-F94A-4EB4-8EB2-2C65C0E22A1C}.Debug|Any CPU.ActiveCfg = Debug|Any CPU
		{88ACBE35-F94A-4EB4-8EB2-2C65C0E22A1C}.Debug|Any CPU.Build.0 = Debug|Any CPU
		{88ACBE35-F94A-4EB4-8EB2-2C65C0E22A1C}.Release|Any CPU.ActiveCfg = Release|Any CPU
		{88ACBE35-F94A-4EB4-8EB2-2C65C0E22A1C}.Release|Any CPU.Build.0 = Release|Any CPU
		{BDB98353-6F19-40E2-8552-0EE1D450EB1A}.Debug|Any CPU.ActiveCfg = Debug|Any CPU
		{BDB98353-6F19-40E2-8552-0EE1D450EB1A}.Debug|Any CPU.Build.0 = Debug|Any CPU
		{BDB98353-6F19-40E2-8552-0EE1D450EB1A}.Release|Any CPU.ActiveCfg = Release|Any CPU
		{BDB98353-6F19-40E2-8552-0EE1D450EB1A}.Release|Any CPU.Build.0 = Release|Any CPU
		{8514AA41-3F97-4D31-B4F5-9D5DB9BC9C59}.Debug|Any CPU.ActiveCfg = Debug|Any CPU
		{8514AA41-3F97-4D31-B4F5-9D5DB9BC9C59}.Debug|Any CPU.Build.0 = Debug|Any CPU
		{8514AA41-3F97-4D31-B4F5-9D5DB9BC9C59}.Release|Any CPU.ActiveCfg = Release|Any CPU
		{8514AA41-3F97-4D31-B4F5-9D5DB9BC9C59}.Release|Any CPU.Build.0 = Release|Any CPU
		{9F353549-346E-406D-9CEF-8E660864C2DA}.Debug|Any CPU.ActiveCfg = Debug|Any CPU
		{9F353549-346E-406D-9CEF-8E660864C2DA}.Debug|Any CPU.Build.0 = Debug|Any CPU
		{9F353549-346E-406D-9CEF-8E660864C2DA}.Release|Any CPU.ActiveCfg = Release|Any CPU
		{9F353549-346E-406D-9CEF-8E660864C2DA}.Release|Any CPU.Build.0 = Release|Any CPU
		{E81F552E-36D8-467C-9425-174242F17B1F}.Debug|Any CPU.ActiveCfg = Debug|Any CPU
		{E81F552E-36D8-467C-9425-174242F17B1F}.Debug|Any CPU.Build.0 = Debug|Any CPU
		{E81F552E-36D8-467C-9425-174242F17B1F}.Release|Any CPU.ActiveCfg = Release|Any CPU
		{E81F552E-36D8-467C-9425-174242F17B1F}.Release|Any CPU.Build.0 = Release|Any CPU
		{5EE85FD7-1811-4635-A932-D290AB21D6D3}.Debug|Any CPU.ActiveCfg = Debug|Any CPU
		{5EE85FD7-1811-4635-A932-D290AB21D6D3}.Debug|Any CPU.Build.0 = Debug|Any CPU
		{5EE85FD7-1811-4635-A932-D290AB21D6D3}.Release|Any CPU.ActiveCfg = Release|Any CPU
		{5EE85FD7-1811-4635-A932-D290AB21D6D3}.Release|Any CPU.Build.0 = Release|Any CPU
		{F5B6E228-F27B-4236-A2F9-5D415719A8D0}.Debug|Any CPU.ActiveCfg = Debug|Any CPU
		{F5B6E228-F27B-4236-A2F9-5D415719A8D0}.Debug|Any CPU.Build.0 = Debug|Any CPU
		{F5B6E228-F27B-4236-A2F9-5D415719A8D0}.Release|Any CPU.ActiveCfg = Release|Any CPU
		{F5B6E228-F27B-4236-A2F9-5D415719A8D0}.Release|Any CPU.Build.0 = Release|Any CPU
		{CBD33072-233A-4194-9D1A-3DE9418A93EF}.Debug|Any CPU.ActiveCfg = Debug|Any CPU
		{CBD33072-233A-4194-9D1A-3DE9418A93EF}.Debug|Any CPU.Build.0 = Debug|Any CPU
		{CBD33072-233A-4194-9D1A-3DE9418A93EF}.Release|Any CPU.ActiveCfg = Release|Any CPU
		{CBD33072-233A-4194-9D1A-3DE9418A93EF}.Release|Any CPU.Build.0 = Release|Any CPU
		{A524489F-773C-4B90-B1BB-DF00D2783FDF}.Debug|Any CPU.ActiveCfg = Debug|Any CPU
		{A524489F-773C-4B90-B1BB-DF00D2783FDF}.Debug|Any CPU.Build.0 = Debug|Any CPU
		{A524489F-773C-4B90-B1BB-DF00D2783FDF}.Release|Any CPU.ActiveCfg = Release|Any CPU
		{A524489F-773C-4B90-B1BB-DF00D2783FDF}.Release|Any CPU.Build.0 = Release|Any CPU
		{D9EE88C8-18B7-4361-A1A1-8628B207A82C}.Debug|Any CPU.ActiveCfg = Debug|Any CPU
		{D9EE88C8-18B7-4361-A1A1-8628B207A82C}.Debug|Any CPU.Build.0 = Debug|Any CPU
		{D9EE88C8-18B7-4361-A1A1-8628B207A82C}.Release|Any CPU.ActiveCfg = Release|Any CPU
		{D9EE88C8-18B7-4361-A1A1-8628B207A82C}.Release|Any CPU.Build.0 = Release|Any CPU
		{A3FF08AF-5E53-40A8-858A-AFB24019F5A5}.Debug|Any CPU.ActiveCfg = Debug|Any CPU
		{A3FF08AF-5E53-40A8-858A-AFB24019F5A5}.Debug|Any CPU.Build.0 = Debug|Any CPU
		{A3FF08AF-5E53-40A8-858A-AFB24019F5A5}.Release|Any CPU.ActiveCfg = Release|Any CPU
		{A3FF08AF-5E53-40A8-858A-AFB24019F5A5}.Release|Any CPU.Build.0 = Release|Any CPU
		{01F77A9F-A400-410B-B45E-FFA03244F508}.Debug|Any CPU.ActiveCfg = Debug|Any CPU
		{01F77A9F-A400-410B-B45E-FFA03244F508}.Debug|Any CPU.Build.0 = Debug|Any CPU
		{01F77A9F-A400-410B-B45E-FFA03244F508}.Release|Any CPU.ActiveCfg = Release|Any CPU
		{01F77A9F-A400-410B-B45E-FFA03244F508}.Release|Any CPU.Build.0 = Release|Any CPU
		{3931A353-AB1E-4BF9-9BF6-B18DF13CF920}.Debug|Any CPU.ActiveCfg = Debug|Any CPU
		{3931A353-AB1E-4BF9-9BF6-B18DF13CF920}.Debug|Any CPU.Build.0 = Debug|Any CPU
		{3931A353-AB1E-4BF9-9BF6-B18DF13CF920}.Release|Any CPU.ActiveCfg = Release|Any CPU
		{3931A353-AB1E-4BF9-9BF6-B18DF13CF920}.Release|Any CPU.Build.0 = Release|Any CPU
	EndGlobalSection
	GlobalSection(SolutionProperties) = preSolution
		HideSolutionNode = FALSE
	EndGlobalSection
	GlobalSection(NestedProjects) = preSolution
		{88ACBE35-F94A-4EB4-8EB2-2C65C0E22A1C} = {BA3D3C89-BCA6-49AA-916D-FD02A6EDEBF7}
		{BDB98353-6F19-40E2-8552-0EE1D450EB1A} = {87013DCA-BF75-4D74-B41A-5B2F8E01866B}
		{8514AA41-3F97-4D31-B4F5-9D5DB9BC9C59} = {BA3D3C89-BCA6-49AA-916D-FD02A6EDEBF7}
		{9F353549-346E-406D-9CEF-8E660864C2DA} = {BA3D3C89-BCA6-49AA-916D-FD02A6EDEBF7}
		{E81F552E-36D8-467C-9425-174242F17B1F} = {BA3D3C89-BCA6-49AA-916D-FD02A6EDEBF7}
		{5EE85FD7-1811-4635-A932-D290AB21D6D3} = {BA3D3C89-BCA6-49AA-916D-FD02A6EDEBF7}
		{F5B6E228-F27B-4236-A2F9-5D415719A8D0} = {BA3D3C89-BCA6-49AA-916D-FD02A6EDEBF7}
		{CBD33072-233A-4194-9D1A-3DE9418A93EF} = {BA3D3C89-BCA6-49AA-916D-FD02A6EDEBF7}
		{A524489F-773C-4B90-B1BB-DF00D2783FDF} = {BA3D3C89-BCA6-49AA-916D-FD02A6EDEBF7}
		{D9EE88C8-18B7-4361-A1A1-8628B207A82C} = {BA3D3C89-BCA6-49AA-916D-FD02A6EDEBF7}
		{A3FF08AF-5E53-40A8-858A-AFB24019F5A5} = {BA3D3C89-BCA6-49AA-916D-FD02A6EDEBF7}
		{01F77A9F-A400-410B-B45E-FFA03244F508} = {BA3D3C89-BCA6-49AA-916D-FD02A6EDEBF7}
		{3931A353-AB1E-4BF9-9BF6-B18DF13CF920} = {BA3D3C89-BCA6-49AA-916D-FD02A6EDEBF7}
	EndGlobalSection
	GlobalSection(ExtensibilityGlobals) = postSolution
		SolutionGuid = {B031EEC4-9AEF-45C2-B1B2-BF07D68CC966}
	EndGlobalSection
EndGlobal
